
Microsoft Visual Studio Solution File, Format Version 12.00
# Visual Studio Version 16
VisualStudioVersion = 16.0.30114.105
MinimumVisualStudioVersion = 10.0.40219.1
Project("{FAE04EC0-301F-11D3-BF4B-00C04F79EFBC}") = "Argumentos", "Argumentos\Argumentos.csproj", "{7504C3C4-EF27-410C-B20F-1A18AB7C15BA}"
EndProject
Project("{FAE04EC0-301F-11D3-BF4B-00C04F79EFBC}") = "OlaMundo", "OlaMundo\OlaMundo.csproj", "{A6DAE0DD-76BE-4F48-A0A7-30F78F1234DE}"
EndProject
Project("{FAE04EC0-301F-11D3-BF4B-00C04F79EFBC}") = "TiposVarios", "TiposVarios\TiposVarios.csproj", "{70AE97CE-5035-4A74-A01D-30FEABDD43B9}"
EndProject
Global
	GlobalSection(SolutionConfigurationPlatforms) = preSolution
		Debug|Any CPU = Debug|Any CPU
		Release|Any CPU = Release|Any CPU
	EndGlobalSection
	GlobalSection(SolutionProperties) = preSolution
		HideSolutionNode = FALSE
	EndGlobalSection
	GlobalSection(ProjectConfigurationPlatforms) = postSolution
		{7504C3C4-EF27-410C-B20F-1A18AB7C15BA}.Debug|Any CPU.ActiveCfg = Debug|Any CPU
		{7504C3C4-EF27-410C-B20F-1A18AB7C15BA}.Debug|Any CPU.Build.0 = Debug|Any CPU
		{7504C3C4-EF27-410C-B20F-1A18AB7C15BA}.Release|Any CPU.ActiveCfg = Release|Any CPU
		{7504C3C4-EF27-410C-B20F-1A18AB7C15BA}.Release|Any CPU.Build.0 = Release|Any CPU
		{A6DAE0DD-76BE-4F48-A0A7-30F78F1234DE}.Debug|Any CPU.ActiveCfg = Debug|Any CPU
		{A6DAE0DD-76BE-4F48-A0A7-30F78F1234DE}.Debug|Any CPU.Build.0 = Debug|Any CPU
		{A6DAE0DD-76BE-4F48-A0A7-30F78F1234DE}.Release|Any CPU.ActiveCfg = Release|Any CPU
		{A6DAE0DD-76BE-4F48-A0A7-30F78F1234DE}.Release|Any CPU.Build.0 = Release|Any CPU
		{70AE97CE-5035-4A74-A01D-30FEABDD43B9}.Debug|Any CPU.ActiveCfg = Debug|Any CPU
		{70AE97CE-5035-4A74-A01D-30FEABDD43B9}.Debug|Any CPU.Build.0 = Debug|Any CPU
		{70AE97CE-5035-4A74-A01D-30FEABDD43B9}.Release|Any CPU.ActiveCfg = Release|Any CPU
		{70AE97CE-5035-4A74-A01D-30FEABDD43B9}.Release|Any CPU.Build.0 = Release|Any CPU
	EndGlobalSection
EndGlobal
